
Microsoft Visual Studio Solution File, Format Version 12.00
# Visual Studio 14
VisualStudioVersion = 14.0.25420.1
MinimumVisualStudioVersion = 10.0.40219.1
Project("{FAE04EC0-301F-11D3-BF4B-00C04F79EFBC}") = "VIDEOwnloader", "src\VIDEOwnloader\VIDEOwnloader.csproj", "{5B3DC4F3-EB21-4F2D-8ABF-25E9D7B60DF7}"
EndProject
Project("{FAE04EC0-301F-11D3-BF4B-00C04F79EFBC}") = "VIDEOwnloader.Base", "src\VIDEOwnloader.Base\VIDEOwnloader.Base.csproj", "{A54A646B-35A6-4504-A632-A6A5A03A6947}"
EndProject
Project("{888888A0-9F3D-457C-B088-3A5042F75D52}") = "VIDEOwnloader.REST", "src\VIDEOwnloader.REST\VIDEOwnloader.REST.pyproj", "{482A0A6A-7D0D-4F12-B70F-943FA8DA62B1}"
EndProject
Project("{FAE04EC0-301F-11D3-BF4B-00C04F79EFBC}") = "VIDEOwnloader.Tests", "tests\VIDEOwnloader.Tests\VIDEOwnloader.Tests.csproj", "{345811F8-2638-4915-B661-B2D9B31A2EAE}"
EndProject
Project("{2150E333-8FDC-42A3-9474-1A3956D46DE8}") = "src", "src", "{8E2D5BD0-B162-4892-8D68-C037C328947A}"
EndProject
Project("{2150E333-8FDC-42A3-9474-1A3956D46DE8}") = "tests", "tests", "{FB789387-F074-4DFC-9984-857F425C01DB}"
EndProject
Global
	GlobalSection(SolutionConfigurationPlatforms) = preSolution
		Debug_REST|Any CPU = Debug_REST|Any CPU
		Debug_REST|ARM = Debug_REST|ARM
		Debug_REST|x64 = Debug_REST|x64
		Debug_REST|x86 = Debug_REST|x86
		Debug|Any CPU = Debug|Any CPU
		Debug|ARM = Debug|ARM
		Debug|x64 = Debug|x64
		Debug|x86 = Debug|x86
		Release|Any CPU = Release|Any CPU
		Release|ARM = Release|ARM
		Release|x64 = Release|x64
		Release|x86 = Release|x86
	EndGlobalSection
	GlobalSection(ProjectConfigurationPlatforms) = postSolution
		{5B3DC4F3-EB21-4F2D-8ABF-25E9D7B60DF7}.Debug_REST|Any CPU.ActiveCfg = Debug_REST|Any CPU
		{5B3DC4F3-EB21-4F2D-8ABF-25E9D7B60DF7}.Debug_REST|Any CPU.Build.0 = Debug_REST|Any CPU
		{5B3DC4F3-EB21-4F2D-8ABF-25E9D7B60DF7}.Debug_REST|ARM.ActiveCfg = Debug_REST|Any CPU
		{5B3DC4F3-EB21-4F2D-8ABF-25E9D7B60DF7}.Debug_REST|ARM.Build.0 = Debug_REST|Any CPU
		{5B3DC4F3-EB21-4F2D-8ABF-25E9D7B60DF7}.Debug_REST|x64.ActiveCfg = Debug_REST|Any CPU
		{5B3DC4F3-EB21-4F2D-8ABF-25E9D7B60DF7}.Debug_REST|x64.Build.0 = Debug_REST|Any CPU
		{5B3DC4F3-EB21-4F2D-8ABF-25E9D7B60DF7}.Debug_REST|x86.ActiveCfg = Debug_REST|Any CPU
		{5B3DC4F3-EB21-4F2D-8ABF-25E9D7B60DF7}.Debug_REST|x86.Build.0 = Debug_REST|Any CPU
		{5B3DC4F3-EB21-4F2D-8ABF-25E9D7B60DF7}.Debug|Any CPU.ActiveCfg = Debug|Any CPU
		{5B3DC4F3-EB21-4F2D-8ABF-25E9D7B60DF7}.Debug|Any CPU.Build.0 = Debug|Any CPU
		{5B3DC4F3-EB21-4F2D-8ABF-25E9D7B60DF7}.Debug|ARM.ActiveCfg = Debug|Any CPU
		{5B3DC4F3-EB21-4F2D-8ABF-25E9D7B60DF7}.Debug|ARM.Build.0 = Debug|Any CPU
		{5B3DC4F3-EB21-4F2D-8ABF-25E9D7B60DF7}.Debug|x64.ActiveCfg = Debug|Any CPU
		{5B3DC4F3-EB21-4F2D-8ABF-25E9D7B60DF7}.Debug|x64.Build.0 = Debug|Any CPU
		{5B3DC4F3-EB21-4F2D-8ABF-25E9D7B60DF7}.Debug|x86.ActiveCfg = Debug|Any CPU
		{5B3DC4F3-EB21-4F2D-8ABF-25E9D7B60DF7}.Debug|x86.Build.0 = Debug|Any CPU
		{5B3DC4F3-EB21-4F2D-8ABF-25E9D7B60DF7}.Release|Any CPU.ActiveCfg = Release|Any CPU
		{5B3DC4F3-EB21-4F2D-8ABF-25E9D7B60DF7}.Release|Any CPU.Build.0 = Release|Any CPU
		{5B3DC4F3-EB21-4F2D-8ABF-25E9D7B60DF7}.Release|ARM.ActiveCfg = Release|Any CPU
		{5B3DC4F3-EB21-4F2D-8ABF-25E9D7B60DF7}.Release|ARM.Build.0 = Release|Any CPU
		{5B3DC4F3-EB21-4F2D-8ABF-25E9D7B60DF7}.Release|x64.ActiveCfg = Release|Any CPU
		{5B3DC4F3-EB21-4F2D-8ABF-25E9D7B60DF7}.Release|x64.Build.0 = Release|Any CPU
		{5B3DC4F3-EB21-4F2D-8ABF-25E9D7B60DF7}.Release|x86.ActiveCfg = Release|Any CPU
		{5B3DC4F3-EB21-4F2D-8ABF-25E9D7B60DF7}.Release|x86.Build.0 = Release|Any CPU
		{A54A646B-35A6-4504-A632-A6A5A03A6947}.Debug_REST|Any CPU.ActiveCfg = Debug_REST|Any CPU
		{A54A646B-35A6-4504-A632-A6A5A03A6947}.Debug_REST|Any CPU.Build.0 = Debug_REST|Any CPU
		{A54A646B-35A6-4504-A632-A6A5A03A6947}.Debug_REST|ARM.ActiveCfg = Debug_REST|Any CPU
		{A54A646B-35A6-4504-A632-A6A5A03A6947}.Debug_REST|ARM.Build.0 = Debug_REST|Any CPU
		{A54A646B-35A6-4504-A632-A6A5A03A6947}.Debug_REST|x64.ActiveCfg = Debug_REST|Any CPU
		{A54A646B-35A6-4504-A632-A6A5A03A6947}.Debug_REST|x64.Build.0 = Debug_REST|Any CPU
		{A54A646B-35A6-4504-A632-A6A5A03A6947}.Debug_REST|x86.ActiveCfg = Debug_REST|Any CPU
		{A54A646B-35A6-4504-A632-A6A5A03A6947}.Debug_REST|x86.Build.0 = Debug_REST|Any CPU
		{A54A646B-35A6-4504-A632-A6A5A03A6947}.Debug|Any CPU.ActiveCfg = Debug|Any CPU
		{A54A646B-35A6-4504-A632-A6A5A03A6947}.Debug|Any CPU.Build.0 = Debug|Any CPU
		{A54A646B-35A6-4504-A632-A6A5A03A6947}.Debug|ARM.ActiveCfg = Debug|Any CPU
		{A54A646B-35A6-4504-A632-A6A5A03A6947}.Debug|ARM.Build.0 = Debug|Any CPU
		{A54A646B-35A6-4504-A632-A6A5A03A6947}.Debug|x64.ActiveCfg = Debug|Any CPU
		{A54A646B-35A6-4504-A632-A6A5A03A6947}.Debug|x64.Build.0 = Debug|Any CPU
		{A54A646B-35A6-4504-A632-A6A5A03A6947}.Debug|x86.ActiveCfg = Debug|Any CPU
		{A54A646B-35A6-4504-A632-A6A5A03A6947}.Debug|x86.Build.0 = Debug|Any CPU
		{A54A646B-35A6-4504-A632-A6A5A03A6947}.Release|Any CPU.ActiveCfg = Release|Any CPU
		{A54A646B-35A6-4504-A632-A6A5A03A6947}.Release|Any CPU.Build.0 = Release|Any CPU
		{A54A646B-35A6-4504-A632-A6A5A03A6947}.Release|ARM.ActiveCfg = Release|Any CPU
		{A54A646B-35A6-4504-A632-A6A5A03A6947}.Release|ARM.Build.0 = Release|Any CPU
		{A54A646B-35A6-4504-A632-A6A5A03A6947}.Release|x64.ActiveCfg = Release|Any CPU
		{A54A646B-35A6-4504-A632-A6A5A03A6947}.Release|x64.Build.0 = Release|Any CPU
		{A54A646B-35A6-4504-A632-A6A5A03A6947}.Release|x86.ActiveCfg = Release|Any CPU
		{A54A646B-35A6-4504-A632-A6A5A03A6947}.Release|x86.Build.0 = Release|Any CPU
		{482A0A6A-7D0D-4F12-B70F-943FA8DA62B1}.Debug_REST|Any CPU.ActiveCfg = Debug_REST|Any CPU
		{482A0A6A-7D0D-4F12-B70F-943FA8DA62B1}.Debug_REST|ARM.ActiveCfg = Debug_REST|Any CPU
		{482A0A6A-7D0D-4F12-B70F-943FA8DA62B1}.Debug_REST|x64.ActiveCfg = Debug_REST|Any CPU
		{482A0A6A-7D0D-4F12-B70F-943FA8DA62B1}.Debug_REST|x86.ActiveCfg = Debug_REST|Any CPU
		{482A0A6A-7D0D-4F12-B70F-943FA8DA62B1}.Debug|Any CPU.ActiveCfg = Debug|Any CPU
		{482A0A6A-7D0D-4F12-B70F-943FA8DA62B1}.Debug|ARM.ActiveCfg = Debug|Any CPU
		{482A0A6A-7D0D-4F12-B70F-943FA8DA62B1}.Debug|x64.ActiveCfg = Debug|Any CPU
		{482A0A6A-7D0D-4F12-B70F-943FA8DA62B1}.Debug|x86.ActiveCfg = Debug|Any CPU
		{482A0A6A-7D0D-4F12-B70F-943FA8DA62B1}.Release|Any CPU.ActiveCfg = Release|Any CPU
		{482A0A6A-7D0D-4F12-B70F-943FA8DA62B1}.Release|ARM.ActiveCfg = Release|Any CPU
		{482A0A6A-7D0D-4F12-B70F-943FA8DA62B1}.Release|x64.ActiveCfg = Release|Any CPU
		{482A0A6A-7D0D-4F12-B70F-943FA8DA62B1}.Release|x86.ActiveCfg = Release|Any CPU
		{345811F8-2638-4915-B661-B2D9B31A2EAE}.Debug_REST|Any CPU.ActiveCfg = Debug|Any CPU
		{345811F8-2638-4915-B661-B2D9B31A2EAE}.Debug_REST|Any CPU.Build.0 = Debug|Any CPU
		{345811F8-2638-4915-B661-B2D9B31A2EAE}.Debug_REST|ARM.ActiveCfg = Debug|Any CPU
		{345811F8-2638-4915-B661-B2D9B31A2EAE}.Debug_REST|ARM.Build.0 = Debug|Any CPU
		{345811F8-2638-4915-B661-B2D9B31A2EAE}.Debug_REST|x64.ActiveCfg = Debug|Any CPU
		{345811F8-2638-4915-B661-B2D9B31A2EAE}.Debug_REST|x64.Build.0 = Debug|Any CPU
		{345811F8-2638-4915-B661-B2D9B31A2EAE}.Debug_REST|x86.ActiveCfg = Debug|Any CPU
		{345811F8-2638-4915-B661-B2D9B31A2EAE}.Debug_REST|x86.Build.0 = Debug|Any CPU
		{345811F8-2638-4915-B661-B2D9B31A2EAE}.Debug|Any CPU.ActiveCfg = Debug|Any CPU
		{345811F8-2638-4915-B661-B2D9B31A2EAE}.Debug|Any CPU.Build.0 = Debug|Any CPU
		{345811F8-2638-4915-B661-B2D9B31A2EAE}.Debug|ARM.ActiveCfg = Debug|Any CPU
		{345811F8-2638-4915-B661-B2D9B31A2EAE}.Debug|ARM.Build.0 = Debug|Any CPU
		{345811F8-2638-4915-B661-B2D9B31A2EAE}.Debug|x64.ActiveCfg = Debug|Any CPU
		{345811F8-2638-4915-B661-B2D9B31A2EAE}.Debug|x64.Build.0 = Debug|Any CPU
		{345811F8-2638-4915-B661-B2D9B31A2EAE}.Debug|x86.ActiveCfg = Debug|Any CPU
		{345811F8-2638-4915-B661-B2D9B31A2EAE}.Debug|x86.Build.0 = Debug|Any CPU
		{345811F8-2638-4915-B661-B2D9B31A2EAE}.Release|Any CPU.ActiveCfg = Release|Any CPU
		{345811F8-2638-4915-B661-B2D9B31A2EAE}.Release|Any CPU.Build.0 = Release|Any CPU
		{345811F8-2638-4915-B661-B2D9B31A2EAE}.Release|ARM.ActiveCfg = Release|Any CPU
		{345811F8-2638-4915-B661-B2D9B31A2EAE}.Release|ARM.Build.0 = Release|Any CPU
		{345811F8-2638-4915-B661-B2D9B31A2EAE}.Release|x64.ActiveCfg = Release|Any CPU
		{345811F8-2638-4915-B661-B2D9B31A2EAE}.Release|x64.Build.0 = Release|Any CPU
		{345811F8-2638-4915-B661-B2D9B31A2EAE}.Release|x86.ActiveCfg = Release|Any CPU
		{345811F8-2638-4915-B661-B2D9B31A2EAE}.Release|x86.Build.0 = Release|Any CPU
	EndGlobalSection
	GlobalSection(SolutionProperties) = preSolution
		HideSolutionNode = FALSE
	EndGlobalSection
	GlobalSection(NestedProjects) = preSolution
		{5B3DC4F3-EB21-4F2D-8ABF-25E9D7B60DF7} = {8E2D5BD0-B162-4892-8D68-C037C328947A}
		{A54A646B-35A6-4504-A632-A6A5A03A6947} = {8E2D5BD0-B162-4892-8D68-C037C328947A}
		{482A0A6A-7D0D-4F12-B70F-943FA8DA62B1} = {8E2D5BD0-B162-4892-8D68-C037C328947A}
		{345811F8-2638-4915-B661-B2D9B31A2EAE} = {FB789387-F074-4DFC-9984-857F425C01DB}
	EndGlobalSection
EndGlobal
